# THIS IS AN AUTOGENERATED FILE. DO NOT EDIT THIS FILE DIRECTLY.
# yarn lockfile v1


"@codemirror/autocomplete@^6.0.0":
  version "6.11.1"
  resolved "https://registry.yarnpkg.com/@codemirror/autocomplete/-/autocomplete-6.11.1.tgz#c733900eee58ac2de817317b9fd1e91b857c4329"
  integrity sha512-L5UInv8Ffd6BPw0P3EF7JLYAMeEbclY7+6Q11REt8vhih8RuLreKtPy/xk8wPxs4EQgYqzI7cdgpiYwWlbS/ow==
  dependencies:
    "@codemirror/language" "^6.0.0"
    "@codemirror/state" "^6.0.0"
    "@codemirror/view" "^6.17.0"
    "@lezer/common" "^1.0.0"

"@codemirror/commands@^6.0.0":
  version "6.3.3"
  resolved "https://registry.yarnpkg.com/@codemirror/commands/-/commands-6.3.3.tgz#03face5bf5f3de0fc4e09b177b3c91eda2ceb7e9"
  integrity sha512-dO4hcF0fGT9tu1Pj1D2PvGvxjeGkbC6RGcZw6Qs74TH+Ed1gw98jmUgd2axWvIZEqTeTuFrg1lEB1KV6cK9h1A==
  dependencies:
    "@codemirror/language" "^6.0.0"
    "@codemirror/state" "^6.4.0"
    "@codemirror/view" "^6.0.0"
    "@lezer/common" "^1.1.0"

"@codemirror/language@^6.0.0":
  version "6.10.0"
  resolved "https://registry.yarnpkg.com/@codemirror/language/-/language-6.10.0.tgz#2d0e818716825ee2ed0dacd04595eaa61bae8f23"
  integrity sha512-2vaNn9aPGCRFKWcHPFksctzJ8yS5p7YoaT+jHpc0UGKzNuAIx4qy6R5wiqbP+heEEdyaABA582mNqSHzSoYdmg==
  dependencies:
    "@codemirror/state" "^6.0.0"
    "@codemirror/view" "^6.23.0"
    "@lezer/common" "^1.1.0"
    "@lezer/highlight" "^1.0.0"
    "@lezer/lr" "^1.0.0"
    style-mod "^4.0.0"

"@codemirror/legacy-modes@^6.3.3":
  version "6.3.3"
  resolved "https://registry.yarnpkg.com/@codemirror/legacy-modes/-/legacy-modes-6.3.3.tgz#d7827c76c9533efdc76f7d0a0fc866f5acd4b764"
  integrity sha512-X0Z48odJ0KIoh/HY8Ltz75/4tDYc9msQf1E/2trlxFaFFhgjpVHjZ/BCXe1Lk7s4Gd67LL/CeEEHNI+xHOiESg==
  dependencies:
    "@codemirror/language" "^6.0.0"

"@codemirror/lint@^6.0.0":
  version "6.4.2"
  resolved "https://registry.yarnpkg.com/@codemirror/lint/-/lint-6.4.2.tgz#c13be5320bde9707efdc94e8bcd3c698abae0b92"
  integrity sha512-wzRkluWb1ptPKdzlsrbwwjYCPLgzU6N88YBAmlZi8WFyuiEduSd05MnJYNogzyc8rPK7pj6m95ptUApc8sHKVA==
  dependencies:
    "@codemirror/state" "^6.0.0"
    "@codemirror/view" "^6.0.0"
    crelt "^1.0.5"

"@codemirror/next@^0.13.1":
  version "0.13.1"
  resolved "https://registry.yarnpkg.com/@codemirror/next/-/next-0.13.1.tgz#9cdfe45440dec7500af1164ab62884d93b8b1b2f"
  integrity sha512-J/P0bxqkGwzhbnsqGT0mQFVWTtmKoJvMvAOv/DAlgcXDGfVU2seIF2s2ikZZ6Q6Ryb71MfMyE7nLMicT1oQeIQ==
  dependencies:
    lezer "^0.11.0"
    lezer-cpp "^0.11.0"
    lezer-css "^0.11.0"
    lezer-html "^0.11.0"
    lezer-java "^0.11.0"
    lezer-javascript "^0.11.0"
    lezer-json "^0.11.0"
    lezer-python "^0.11.0"
    lezer-rust "^0.11.1"
    lezer-tree "^0.11.0"
    lezer-xml "^0.11.0"
    style-mod "^3.0.0"
    w3c-keyname "^2.2.4"

"@codemirror/search@^6.0.0":
  version "6.5.5"
  resolved "https://registry.yarnpkg.com/@codemirror/search/-/search-6.5.5.tgz#cf97e201da364da2285c2a250167af25bbd2a4a2"
  integrity sha512-PIEN3Ke1buPod2EHbJsoQwlbpkz30qGZKcnmH1eihq9+bPQx8gelauUwLYaY4vBOuBAuEhmpDLii4rj/uO0yMA==
  dependencies:
    "@codemirror/state" "^6.0.0"
    "@codemirror/view" "^6.0.0"
    crelt "^1.0.5"

"@codemirror/state@^6.0.0", "@codemirror/state@^6.4.0":
  version "6.4.0"
  resolved "https://registry.yarnpkg.com/@codemirror/state/-/state-6.4.0.tgz#8bc3e096c84360b34525a84696a84f86b305363a"
  integrity sha512-hm8XshYj5Fo30Bb922QX9hXB/bxOAVH+qaqHBzw5TKa72vOeslyGwd4X8M0c1dJ9JqxlaMceOQ8RsL9tC7gU0A==

"@codemirror/view@^6.0.0", "@codemirror/view@^6.17.0", "@codemirror/view@^6.23.0":
  version "6.23.0"
  resolved "https://registry.yarnpkg.com/@codemirror/view/-/view-6.23.0.tgz#8054a2043273abad7f1587d15accb0623e1960ed"
  integrity sha512-/51px9N4uW8NpuWkyUX+iam5+PM6io2fm+QmRnzwqBy5v/pwGg9T0kILFtYeum8hjuvENtgsGNKluOfqIICmeQ==
  dependencies:
    "@codemirror/state" "^6.4.0"
    style-mod "^4.1.0"
    w3c-keyname "^2.2.4"

"@esbuild/aix-ppc64@0.19.11":
  version "0.19.11"
  resolved "https://registry.yarnpkg.com/@esbuild/aix-ppc64/-/aix-ppc64-0.19.11.tgz#2acd20be6d4f0458bc8c784103495ff24f13b1d3"
  integrity sha512-FnzU0LyE3ySQk7UntJO4+qIiQgI7KoODnZg5xzXIrFJlKd2P2gwHsHY4927xj9y5PJmJSzULiUCWmv7iWnNa7g==

"@esbuild/android-arm64@0.19.11":
  version "0.19.11"
  resolved "https://registry.yarnpkg.com/@esbuild/android-arm64/-/android-arm64-0.19.11.tgz#b45d000017385c9051a4f03e17078abb935be220"
  integrity sha512-aiu7K/5JnLj//KOnOfEZ0D90obUkRzDMyqd/wNAUQ34m4YUPVhRZpnqKV9uqDGxT7cToSDnIHsGooyIczu9T+Q==

"@esbuild/android-arm@0.19.11":
  version "0.19.11"
  resolved "https://registry.yarnpkg.com/@esbuild/android-arm/-/android-arm-0.19.11.tgz#f46f55414e1c3614ac682b29977792131238164c"
  integrity sha512-5OVapq0ClabvKvQ58Bws8+wkLCV+Rxg7tUVbo9xu034Nm536QTII4YzhaFriQ7rMrorfnFKUsArD2lqKbFY4vw==

"@esbuild/android-x64@0.19.11":
  version "0.19.11"
  resolved "https://registry.yarnpkg.com/@esbuild/android-x64/-/android-x64-0.19.11.tgz#bfc01e91740b82011ef503c48f548950824922b2"
  integrity sha512-eccxjlfGw43WYoY9QgB82SgGgDbibcqyDTlk3l3C0jOVHKxrjdc9CTwDUQd0vkvYg5um0OH+GpxYvp39r+IPOg==

"@esbuild/darwin-arm64@0.19.11":
  version "0.19.11"
  resolved "https://registry.yarnpkg.com/@esbuild/darwin-arm64/-/darwin-arm64-0.19.11.tgz#533fb7f5a08c37121d82c66198263dcc1bed29bf"
  integrity sha512-ETp87DRWuSt9KdDVkqSoKoLFHYTrkyz2+65fj9nfXsaV3bMhTCjtQfw3y+um88vGRKRiF7erPrh/ZuIdLUIVxQ==

"@esbuild/darwin-x64@0.19.11":
  version "0.19.11"
  resolved "https://registry.yarnpkg.com/@esbuild/darwin-x64/-/darwin-x64-0.19.11.tgz#62f3819eff7e4ddc656b7c6815a31cf9a1e7d98e"
  integrity sha512-fkFUiS6IUK9WYUO/+22omwetaSNl5/A8giXvQlcinLIjVkxwTLSktbF5f/kJMftM2MJp9+fXqZ5ezS7+SALp4g==

"@esbuild/freebsd-arm64@0.19.11":
  version "0.19.11"
  resolved "https://registry.yarnpkg.com/@esbuild/freebsd-arm64/-/freebsd-arm64-0.19.11.tgz#d478b4195aa3ca44160272dab85ef8baf4175b4a"
  integrity sha512-lhoSp5K6bxKRNdXUtHoNc5HhbXVCS8V0iZmDvyWvYq9S5WSfTIHU2UGjcGt7UeS6iEYp9eeymIl5mJBn0yiuxA==

"@esbuild/freebsd-x64@0.19.11":
  version "0.19.11"
  resolved "https://registry.yarnpkg.com/@esbuild/freebsd-x64/-/freebsd-x64-0.19.11.tgz#7bdcc1917409178257ca6a1a27fe06e797ec18a2"
  integrity sha512-JkUqn44AffGXitVI6/AbQdoYAq0TEullFdqcMY/PCUZ36xJ9ZJRtQabzMA+Vi7r78+25ZIBosLTOKnUXBSi1Kw==

"@esbuild/linux-arm64@0.19.11":
  version "0.19.11"
  resolved "https://registry.yarnpkg.com/@esbuild/linux-arm64/-/linux-arm64-0.19.11.tgz#58ad4ff11685fcc735d7ff4ca759ab18fcfe4545"
  integrity sha512-LneLg3ypEeveBSMuoa0kwMpCGmpu8XQUh+mL8XXwoYZ6Be2qBnVtcDI5azSvh7vioMDhoJFZzp9GWp9IWpYoUg==

"@esbuild/linux-arm@0.19.11":
  version "0.19.11"
  resolved "https://registry.yarnpkg.com/@esbuild/linux-arm/-/linux-arm-0.19.11.tgz#ce82246d873b5534d34de1e5c1b33026f35e60e3"
  integrity sha512-3CRkr9+vCV2XJbjwgzjPtO8T0SZUmRZla+UL1jw+XqHZPkPgZiyWvbDvl9rqAN8Zl7qJF0O/9ycMtjU67HN9/Q==

"@esbuild/linux-ia32@0.19.11":
  version "0.19.11"
  resolved "https://registry.yarnpkg.com/@esbuild/linux-ia32/-/linux-ia32-0.19.11.tgz#cbae1f313209affc74b80f4390c4c35c6ab83fa4"
  integrity sha512-caHy++CsD8Bgq2V5CodbJjFPEiDPq8JJmBdeyZ8GWVQMjRD0sU548nNdwPNvKjVpamYYVL40AORekgfIubwHoA==

"@esbuild/linux-loong64@0.19.11":
  version "0.19.11"
  resolved "https://registry.yarnpkg.com/@esbuild/linux-loong64/-/linux-loong64-0.19.11.tgz#5f32aead1c3ec8f4cccdb7ed08b166224d4e9121"
  integrity sha512-ppZSSLVpPrwHccvC6nQVZaSHlFsvCQyjnvirnVjbKSHuE5N24Yl8F3UwYUUR1UEPaFObGD2tSvVKbvR+uT1Nrg==

"@esbuild/linux-mips64el@0.19.11":
  version "0.19.11"
  resolved "https://registry.yarnpkg.com/@esbuild/linux-mips64el/-/linux-mips64el-0.19.11.tgz#38eecf1cbb8c36a616261de858b3c10d03419af9"
  integrity sha512-B5x9j0OgjG+v1dF2DkH34lr+7Gmv0kzX6/V0afF41FkPMMqaQ77pH7CrhWeR22aEeHKaeZVtZ6yFwlxOKPVFyg==

"@esbuild/linux-ppc64@0.19.11":
  version "0.19.11"
  resolved "https://registry.yarnpkg.com/@esbuild/linux-ppc64/-/linux-ppc64-0.19.11.tgz#9c5725a94e6ec15b93195e5a6afb821628afd912"
  integrity sha512-MHrZYLeCG8vXblMetWyttkdVRjQlQUb/oMgBNurVEnhj4YWOr4G5lmBfZjHYQHHN0g6yDmCAQRR8MUHldvvRDA==

"@esbuild/linux-riscv64@0.19.11":
  version "0.19.11"
  resolved "https://registry.yarnpkg.com/@esbuild/linux-riscv64/-/linux-riscv64-0.19.11.tgz#2dc4486d474a2a62bbe5870522a9a600e2acb916"
  integrity sha512-f3DY++t94uVg141dozDu4CCUkYW+09rWtaWfnb3bqe4w5NqmZd6nPVBm+qbz7WaHZCoqXqHz5p6CM6qv3qnSSQ==

"@esbuild/linux-s390x@0.19.11":
  version "0.19.11"
  resolved "https://registry.yarnpkg.com/@esbuild/linux-s390x/-/linux-s390x-0.19.11.tgz#4ad8567df48f7dd4c71ec5b1753b6f37561a65a8"
  integrity sha512-A5xdUoyWJHMMlcSMcPGVLzYzpcY8QP1RtYzX5/bS4dvjBGVxdhuiYyFwp7z74ocV7WDc0n1harxmpq2ePOjI0Q==

"@esbuild/linux-x64@0.19.11":
  version "0.19.11"
  resolved "https://registry.yarnpkg.com/@esbuild/linux-x64/-/linux-x64-0.19.11.tgz#b7390c4d5184f203ebe7ddaedf073df82a658766"
  integrity sha512-grbyMlVCvJSfxFQUndw5mCtWs5LO1gUlwP4CDi4iJBbVpZcqLVT29FxgGuBJGSzyOxotFG4LoO5X+M1350zmPA==

"@esbuild/netbsd-x64@0.19.11":
  version "0.19.11"
  resolved "https://registry.yarnpkg.com/@esbuild/netbsd-x64/-/netbsd-x64-0.19.11.tgz#d633c09492a1721377f3bccedb2d821b911e813d"
  integrity sha512-13jvrQZJc3P230OhU8xgwUnDeuC/9egsjTkXN49b3GcS5BKvJqZn86aGM8W9pd14Kd+u7HuFBMVtrNGhh6fHEQ==

"@esbuild/openbsd-x64@0.19.11":
  version "0.19.11"
  resolved "https://registry.yarnpkg.com/@esbuild/openbsd-x64/-/openbsd-x64-0.19.11.tgz#17388c76e2f01125bf831a68c03a7ffccb65d1a2"
  integrity sha512-ysyOGZuTp6SNKPE11INDUeFVVQFrhcNDVUgSQVDzqsqX38DjhPEPATpid04LCoUr2WXhQTEZ8ct/EgJCUDpyNw==

"@esbuild/sunos-x64@0.19.11":
  version "0.19.11"
  resolved "https://registry.yarnpkg.com/@esbuild/sunos-x64/-/sunos-x64-0.19.11.tgz#e320636f00bb9f4fdf3a80e548cb743370d41767"
  integrity sha512-Hf+Sad9nVwvtxy4DXCZQqLpgmRTQqyFyhT3bZ4F2XlJCjxGmRFF0Shwn9rzhOYRB61w9VMXUkxlBy56dk9JJiQ==

"@esbuild/win32-arm64@0.19.11":
  version "0.19.11"
  resolved "https://registry.yarnpkg.com/@esbuild/win32-arm64/-/win32-arm64-0.19.11.tgz#c778b45a496e90b6fc373e2a2bb072f1441fe0ee"
  integrity sha512-0P58Sbi0LctOMOQbpEOvOL44Ne0sqbS0XWHMvvrg6NE5jQ1xguCSSw9jQeUk2lfrXYsKDdOe6K+oZiwKPilYPQ==

"@esbuild/win32-ia32@0.19.11":
  version "0.19.11"
  resolved "https://registry.yarnpkg.com/@esbuild/win32-ia32/-/win32-ia32-0.19.11.tgz#481a65fee2e5cce74ec44823e6b09ecedcc5194c"
  integrity sha512-6YOrWS+sDJDmshdBIQU+Uoyh7pQKrdykdefC1avn76ss5c+RN6gut3LZA4E2cH5xUEp5/cA0+YxRaVtRAb0xBg==

"@esbuild/win32-x64@0.19.11":
  version "0.19.11"
  resolved "https://registry.yarnpkg.com/@esbuild/win32-x64/-/win32-x64-0.19.11.tgz#a5d300008960bb39677c46bf16f53ec70d8dee04"
  integrity sha512-vfkhltrjCAb603XaFhqhAF4LGDi2M4OrCRrFusyQ+iTLQ/o60QQXxc9cZC/FFpihBI9N1Grn6SMKVJ4KP7Fuiw==

"@grammarly/editor-sdk@^2.5.5":
  version "2.5.5"
  resolved "https://registry.yarnpkg.com/@grammarly/editor-sdk/-/editor-sdk-2.5.5.tgz#887d36c1004c784e67e7be89640eb2e8094e1887"
  integrity sha512-sJIS5Iz+hV7m3DoscjT52K6iG7a4Ll8Mo/9S6SSXz0Yk7mp8QlAsS24hKMvsvdzkfwOP2K2VwHu5RwgaN6LXCw==

"@isomorphic-git/idb-keyval@3.3.2":
  version "3.3.2"
  resolved "https://registry.yarnpkg.com/@isomorphic-git/idb-keyval/-/idb-keyval-3.3.2.tgz#c0509a6c5987d8a62efb3e47f2815bcc5eda2489"
  integrity sha512-r8/AdpiS0/WJCNR/t/gsgL+M8NMVj/ek7s60uz3LmpCaTF2mEVlZJlB01ZzalgYzRLXwSPC92o+pdzjM7PN/pA==

"@isomorphic-git/lightning-fs@^4.6.0":
  version "4.6.0"
  resolved "https://registry.yarnpkg.com/@isomorphic-git/lightning-fs/-/lightning-fs-4.6.0.tgz#a7f49784c121241a50cefba6198cff8d6e86eb20"
  integrity sha512-tfon8f1h6LawjFI/d8lZPWRPTxmdvyTMbkT/j5yo6dB0hALhKw5D9JsdCcUu/D1pAcMMiU7GZFDsDGqylerr7g==
  dependencies:
    "@isomorphic-git/idb-keyval" "3.3.2"
    isomorphic-textencoder "1.0.1"
    just-debounce-it "1.1.0"
    just-once "1.1.0"

"@lezer/common@^1.0.0", "@lezer/common@^1.1.0":
  version "1.2.0"
  resolved "https://registry.yarnpkg.com/@lezer/common/-/common-1.2.0.tgz#f10493d12c4a196a02ff5fcf5695a516a4039aae"
  integrity sha512-Wmvlm4q6tRpwiy20TnB3yyLTZim38Tkc50dPY8biQRwqE+ati/wD84rm3N15hikvdT4uSg9phs9ubjvcLmkpKg==

"@lezer/highlight@^1.0.0":
  version "1.2.0"
  resolved "https://registry.yarnpkg.com/@lezer/highlight/-/highlight-1.2.0.tgz#e5898c3644208b4b589084089dceeea2966f7780"
  integrity sha512-WrS5Mw51sGrpqjlh3d4/fOwpEV2Hd3YOkp9DBt4k8XZQcoTHZFB7sx030A6OcahF4J1nDQAa3jXlTVVYH50IFA==
  dependencies:
    "@lezer/common" "^1.0.0"

"@lezer/lr@^1.0.0":
  version "1.3.14"
  resolved "https://registry.yarnpkg.com/@lezer/lr/-/lr-1.3.14.tgz#59d4a3b25698bdac0ef182fa6eadab445fc4f29a"
  integrity sha512-z5mY4LStlA3yL7aHT/rqgG614cfcvklS+8oFRFBYrs4YaWLJyKKM4+nN6KopToX0o9Hj6zmH6M5kinOYuy06ug==
  dependencies:
    "@lezer/common" "^1.0.0"

"@myriaddreamin/typst-ts-renderer@0.4.2-rc4":
  version "0.4.2-rc4"
  resolved "https://registry.yarnpkg.com/@myriaddreamin/typst-ts-renderer/-/typst-ts-renderer-0.4.2-rc4.tgz#c296e6f67d7e1d94138dca88aa45f966866e5f06"
  integrity sha512-H4ATfY/bsjKxpIgd6z//G8GH3U53OaKpqEM/rqRz43HRjX8AXU7ZaIsoPZo0Bgnap06wVEW15EVDFzNqEFnonA==

"@myriaddreamin/typst.ts@0.4.2-rc4":
  version "0.4.2-rc4"
  resolved "https://registry.yarnpkg.com/@myriaddreamin/typst.ts/-/typst.ts-0.4.2-rc4.tgz#ac4d009bdb6a7429bb92ed9555aba76f0a070cbb"
  integrity sha512-ZvMrKAq6ZQj/pTYWgTBUySQI5HJkLEKQndqJa8sYxbktcYbphTpX1R+hN9bmkvHtZ/Kll6aX+hwJemQVZDxo8w==
  dependencies:
    idb "^7.1.1"

"@rollup/plugin-virtual@^3.0.2":
  version "3.0.2"
  resolved "https://registry.yarnpkg.com/@rollup/plugin-virtual/-/plugin-virtual-3.0.2.tgz#17e17eeecb4c9fa1c0a6e72c9e5f66382fddbb82"
  integrity sha512-10monEYsBp3scM4/ND4LNH5Rxvh3e/cVeL3jWTgZ2SrQ+BmUoQcopVQvnaMcOnykb1VkxUFuDAN+0FnpTFRy2A==

"@rollup/rollup-android-arm-eabi@4.9.2":
  version "4.9.2"
  resolved "https://registry.yarnpkg.com/@rollup/rollup-android-arm-eabi/-/rollup-android-arm-eabi-4.9.2.tgz#ccb02257556bacbc1e756ab9b0b973cea2c7a664"
  integrity sha512-RKzxFxBHq9ysZ83fn8Iduv3A283K7zPPYuhL/z9CQuyFrjwpErJx0h4aeb/bnJ+q29GRLgJpY66ceQ/Wcsn3wA==

"@rollup/rollup-android-arm64@4.9.2":
  version "4.9.2"
  resolved "https://registry.yarnpkg.com/@rollup/rollup-android-arm64/-/rollup-android-arm64-4.9.2.tgz#21bd0fbafdf442c6a17645b840f6a94556b0e9bb"
  integrity sha512-yZ+MUbnwf3SHNWQKJyWh88ii2HbuHCFQnAYTeeO1Nb8SyEiWASEi5dQUygt3ClHWtA9My9RQAYkjvrsZ0WK8Xg==

"@rollup/rollup-darwin-arm64@4.9.2":
  version "4.9.2"
  resolved "https://registry.yarnpkg.com/@rollup/rollup-darwin-arm64/-/rollup-darwin-arm64-4.9.2.tgz#9f2e5d5637677f9839dbe1622130d0592179136a"
  integrity sha512-vqJ/pAUh95FLc/G/3+xPqlSBgilPnauVf2EXOQCZzhZJCXDXt/5A8mH/OzU6iWhb3CNk5hPJrh8pqJUPldN5zw==

"@rollup/rollup-darwin-x64@4.9.2":
  version "4.9.2"
  resolved "https://registry.yarnpkg.com/@rollup/rollup-darwin-x64/-/rollup-darwin-x64-4.9.2.tgz#1b06291ff1c41af94d2786cd167188c5bf7caec9"
  integrity sha512-otPHsN5LlvedOprd3SdfrRNhOahhVBwJpepVKUN58L0RnC29vOAej1vMEaVU6DadnpjivVsNTM5eNt0CcwTahw==

"@rollup/rollup-linux-arm-gnueabihf@4.9.2":
  version "4.9.2"
  resolved "https://registry.yarnpkg.com/@rollup/rollup-linux-arm-gnueabihf/-/rollup-linux-arm-gnueabihf-4.9.2.tgz#147069948bba00f435122f411210624e72638ebf"
  integrity sha512-ewG5yJSp+zYKBYQLbd1CUA7b1lSfIdo9zJShNTyc2ZP1rcPrqyZcNlsHgs7v1zhgfdS+kW0p5frc0aVqhZCiYQ==

"@rollup/rollup-linux-arm64-gnu@4.9.2":
  version "4.9.2"
  resolved "https://registry.yarnpkg.com/@rollup/rollup-linux-arm64-gnu/-/rollup-linux-arm64-gnu-4.9.2.tgz#3a50f0e7ae6e444d11c61fce12783196454a4efb"
  integrity sha512-pL6QtV26W52aCWTG1IuFV3FMPL1m4wbsRG+qijIvgFO/VBsiXJjDPE/uiMdHBAO6YcpV4KvpKtd0v3WFbaxBtg==

"@rollup/rollup-linux-arm64-musl@4.9.2":
  version "4.9.2"
  resolved "https://registry.yarnpkg.com/@rollup/rollup-linux-arm64-musl/-/rollup-linux-arm64-musl-4.9.2.tgz#82b5e75484d91c25d4e649d018d9523e72d6dac2"
  integrity sha512-On+cc5EpOaTwPSNetHXBuqylDW+765G/oqB9xGmWU3npEhCh8xu0xqHGUA+4xwZLqBbIZNcBlKSIYfkBm6ko7g==

"@rollup/rollup-linux-riscv64-gnu@4.9.2":
  version "4.9.2"
  resolved "https://registry.yarnpkg.com/@rollup/rollup-linux-riscv64-gnu/-/rollup-linux-riscv64-gnu-4.9.2.tgz#ca96f2d43a553d73aec736e991c07010561bc7a9"
  integrity sha512-Wnx/IVMSZ31D/cO9HSsU46FjrPWHqtdF8+0eyZ1zIB5a6hXaZXghUKpRrC4D5DcRTZOjml2oBhXoqfGYyXKipw==

"@rollup/rollup-linux-x64-gnu@4.9.2":
  version "4.9.2"
  resolved "https://registry.yarnpkg.com/@rollup/rollup-linux-x64-gnu/-/rollup-linux-x64-gnu-4.9.2.tgz#db1cece244ea46706c0e1a522ec19ca0173abc55"
  integrity sha512-ym5x1cj4mUAMBummxxRkI4pG5Vht1QMsJexwGP8547TZ0sox9fCLDHw9KCH9c1FO5d9GopvkaJsBIOkTKxksdw==

"@rollup/rollup-linux-x64-musl@4.9.2":
  version "4.9.2"
  resolved "https://registry.yarnpkg.com/@rollup/rollup-linux-x64-musl/-/rollup-linux-x64-musl-4.9.2.tgz#c15b26b86827f75977bf59ebd41ce5d788713936"
  integrity sha512-m0hYELHGXdYx64D6IDDg/1vOJEaiV8f1G/iO+tejvRCJNSwK4jJ15e38JQy5Q6dGkn1M/9KcyEOwqmlZ2kqaZg==

"@rollup/rollup-win32-arm64-msvc@4.9.2":
  version "4.9.2"
  resolved "https://registry.yarnpkg.com/@rollup/rollup-win32-arm64-msvc/-/rollup-win32-arm64-msvc-4.9.2.tgz#60152948f9fb08e8c50c1555e334ca9f9f1f53aa"
  integrity sha512-x1CWburlbN5JjG+juenuNa4KdedBdXLjZMp56nHFSHTOsb/MI2DYiGzLtRGHNMyydPGffGId+VgjOMrcltOksA==

"@rollup/rollup-win32-ia32-msvc@4.9.2":
  version "4.9.2"
  resolved "https://registry.yarnpkg.com/@rollup/rollup-win32-ia32-msvc/-/rollup-win32-ia32-msvc-4.9.2.tgz#657288cff10311f997d8dbd648590441760ae6d9"
  integrity sha512-VVzCB5yXR1QlfsH1Xw1zdzQ4Pxuzv+CPr5qpElpKhVxlxD3CRdfubAG9mJROl6/dmj5gVYDDWk8sC+j9BI9/kQ==

"@rollup/rollup-win32-x64-msvc@4.9.2":
  version "4.9.2"
  resolved "https://registry.yarnpkg.com/@rollup/rollup-win32-x64-msvc/-/rollup-win32-x64-msvc-4.9.2.tgz#830f3a3fba67f6216a5884368431918029045afe"
  integrity sha512-SYRedJi+mweatroB+6TTnJYLts0L0bosg531xnQWtklOI6dezEagx4Q0qDyvRdK+qgdA3YZpjjGuPFtxBmddBA==

"@swc/core-darwin-arm64@1.3.101":
  version "1.3.101"
  resolved "https://registry.yarnpkg.com/@swc/core-darwin-arm64/-/core-darwin-arm64-1.3.101.tgz#9ffdc0e77c31b20877fa7405c82905e0c76738d0"
  integrity sha512-mNFK+uHNPRXSnfTOG34zJOeMl2waM4hF4a2NY7dkMXrPqw9CoJn4MwTXJcyMiSz1/BnNjjTCHF3Yhj0jPxmkzQ==

"@swc/core-darwin-x64@1.3.101":
  version "1.3.101"
  resolved "https://registry.yarnpkg.com/@swc/core-darwin-x64/-/core-darwin-x64-1.3.101.tgz#e50130e21e3cfd3029fd6cea43e8309b58ad9fa6"
  integrity sha512-B085j8XOx73Fg15KsHvzYWG262bRweGr3JooO1aW5ec5pYbz5Ew9VS5JKYS03w2UBSxf2maWdbPz2UFAxg0whw==

"@swc/core-linux-arm-gnueabihf@1.3.101":
  version "1.3.101"
  resolved "https://registry.yarnpkg.com/@swc/core-linux-arm-gnueabihf/-/core-linux-arm-gnueabihf-1.3.101.tgz#8cd36328e794b3c42b6c8e578bb1f42e59ba0231"
  integrity sha512-9xLKRb6zSzRGPqdz52Hy5GuB1lSjmLqa0lST6MTFads3apmx4Vgs8Y5NuGhx/h2I8QM4jXdLbpqQlifpzTlSSw==

"@swc/core-linux-arm64-gnu@1.3.101":
  version "1.3.101"
  resolved "https://registry.yarnpkg.com/@swc/core-linux-arm64-gnu/-/core-linux-arm64-gnu-1.3.101.tgz#d15e3885eb13a1512ba62f00ce4f5bb19f710a0c"
  integrity sha512-oE+r1lo7g/vs96Weh2R5l971dt+ZLuhaUX+n3BfDdPxNHfObXgKMjO7E+QS5RbGjv/AwiPCxQmbdCp/xN5ICJA==

"@swc/core-linux-arm64-musl@1.3.101":
  version "1.3.101"
  resolved "https://registry.yarnpkg.com/@swc/core-linux-arm64-musl/-/core-linux-arm64-musl-1.3.101.tgz#851d4cc1079b091fee36f5f64335232210749d7a"
  integrity sha512-OGjYG3H4BMOTnJWJyBIovCez6KiHF30zMIu4+lGJTCrxRI2fAjGLml3PEXj8tC3FMcud7U2WUn6TdG0/te2k6g==

"@swc/core-linux-x64-gnu@1.3.101":
  version "1.3.101"
  resolved "https://registry.yarnpkg.com/@swc/core-linux-x64-gnu/-/core-linux-x64-gnu-1.3.101.tgz#3a2a7c584db2e05a798e28361440424914563fa3"
  integrity sha512-/kBMcoF12PRO/lwa8Z7w4YyiKDcXQEiLvM+S3G9EvkoKYGgkkz4Q6PSNhF5rwg/E3+Hq5/9D2R+6nrkF287ihg==

"@swc/core-linux-x64-musl@1.3.101":
  version "1.3.101"
  resolved "https://registry.yarnpkg.com/@swc/core-linux-x64-musl/-/core-linux-x64-musl-1.3.101.tgz#45d1d53945994f08e93703b8de24ccac88538d0c"
  integrity sha512-kDN8lm4Eew0u1p+h1l3JzoeGgZPQ05qDE0czngnjmfpsH2sOZxVj1hdiCwS5lArpy7ktaLu5JdRnx70MkUzhXw==

"@swc/core-win32-arm64-msvc@1.3.101":
  version "1.3.101"
  resolved "https://registry.yarnpkg.com/@swc/core-win32-arm64-msvc/-/core-win32-arm64-msvc-1.3.101.tgz#b2610b8354e5fbca7cc5be3f728e61b046227fa8"
  integrity sha512-9Wn8TTLWwJKw63K/S+jjrZb9yoJfJwCE2RV5vPCCWmlMf3U1AXj5XuWOLUX+Rp2sGKau7wZKsvywhheWm+qndQ==

"@swc/core-win32-ia32-msvc@1.3.101":
  version "1.3.101"
  resolved "https://registry.yarnpkg.com/@swc/core-win32-ia32-msvc/-/core-win32-ia32-msvc-1.3.101.tgz#c919175bb4cd5e9fcfa56fbd3708167c1d445c68"
  integrity sha512-onO5KvICRVlu2xmr4//V2je9O2XgS1SGKpbX206KmmjcJhXN5EYLSxW9qgg+kgV5mip+sKTHTAu7IkzkAtElYA==

"@swc/core-win32-x64-msvc@1.3.101":
  version "1.3.101"
  resolved "https://registry.yarnpkg.com/@swc/core-win32-x64-msvc/-/core-win32-x64-msvc-1.3.101.tgz#17743fe425caffc596fde5965c9c4cf9a48aa26a"
  integrity sha512-T3GeJtNQV00YmiVw/88/nxJ/H43CJvFnpvBHCVn17xbahiVUOPOduh3rc9LgAkKiNt/aV8vU3OJR+6PhfMR7UQ==

"@swc/core@^1.3.100":
  version "1.3.101"
  resolved "https://registry.yarnpkg.com/@swc/core/-/core-1.3.101.tgz#4e8f1583094a73c410e48a0bebdeccdc6c66d4a5"
  integrity sha512-w5aQ9qYsd/IYmXADAnkXPGDMTqkQalIi+kfFf/MHRKTpaOL7DHjMXwPp/n8hJ0qNjRvchzmPtOqtPBiER50d8A==
  dependencies:
    "@swc/counter" "^0.1.1"
    "@swc/types" "^0.1.5"
  optionalDependencies:
    "@swc/core-darwin-arm64" "1.3.101"
    "@swc/core-darwin-x64" "1.3.101"
    "@swc/core-linux-arm-gnueabihf" "1.3.101"
    "@swc/core-linux-arm64-gnu" "1.3.101"
    "@swc/core-linux-arm64-musl" "1.3.101"
    "@swc/core-linux-x64-gnu" "1.3.101"
    "@swc/core-linux-x64-musl" "1.3.101"
    "@swc/core-win32-arm64-msvc" "1.3.101"
    "@swc/core-win32-ia32-msvc" "1.3.101"
    "@swc/core-win32-x64-msvc" "1.3.101"

"@swc/counter@^0.1.1":
  version "0.1.2"
  resolved "https://registry.yarnpkg.com/@swc/counter/-/counter-0.1.2.tgz#bf06d0770e47c6f1102270b744e17b934586985e"
  integrity sha512-9F4ys4C74eSTEUNndnER3VJ15oru2NumfQxS8geE+f3eB5xvfxpWyqE5XlVnxb/R14uoXi6SLbBwwiDSkv+XEw==

"@swc/types@^0.1.5":
  version "0.1.5"
  resolved "https://registry.yarnpkg.com/@swc/types/-/types-0.1.5.tgz#043b731d4f56a79b4897a3de1af35e75d56bc63a"
  integrity sha512-myfUej5naTBWnqOCc/MdVOLVjXUXtIA+NpDrDBKJtLLg2shUjBu3cZmB/85RyitKc55+lUUyl7oRfLOvkr2hsw==

async-lock@^1.1.0:
  version "1.4.1"
  resolved "https://registry.yarnpkg.com/async-lock/-/async-lock-1.4.1.tgz#56b8718915a9b68b10fce2f2a9a3dddf765ef53f"
  integrity sha512-Az2ZTpuytrtqENulXwO3GGv1Bztugx6TT37NIo7imr/Qo0gsYiGtSdBa2B6fsXhTpVZDNfu1Qn3pk531e3q+nQ==

clean-git-ref@^2.0.1:
  version "2.0.1"
  resolved "https://registry.yarnpkg.com/clean-git-ref/-/clean-git-ref-2.0.1.tgz#dcc0ca093b90e527e67adb5a5e55b1af6816dcd9"
  integrity sha512-bLSptAy2P0s6hU4PzuIMKmMJJSE6gLXGH1cntDu7bWJUksvuM+7ReOK61mozULErYvP6a15rnYl0zFDef+pyPw==

codemirror@^6.0.1:
  version "6.0.1"
  resolved "https://registry.yarnpkg.com/codemirror/-/codemirror-6.0.1.tgz#62b91142d45904547ee3e0e0e4c1a79158035a29"
  integrity sha512-J8j+nZ+CdWmIeFIGXEFbFPtpiYacFMDR8GlHK3IyHQJMCaVRfGx9NT+Hxivv1ckLWPvNdZqndbr/7lVhrf/Svg==
  dependencies:
    "@codemirror/autocomplete" "^6.0.0"
    "@codemirror/commands" "^6.0.0"
    "@codemirror/language" "^6.0.0"
    "@codemirror/lint" "^6.0.0"
    "@codemirror/search" "^6.0.0"
    "@codemirror/state" "^6.0.0"
    "@codemirror/view" "^6.0.0"

crc-32@^1.2.0:
  version "1.2.2"
  resolved "https://registry.yarnpkg.com/crc-32/-/crc-32-1.2.2.tgz#3cad35a934b8bf71f25ca524b6da51fb7eace2ff"
  integrity sha512-ROmzCKrTnOwybPcJApAA6WBWij23HVfGVNKqqrZpuyZOHqK2CwHSvpGuyt/UNNvaIjEd8X5IFGp4Mh+Ie1IHJQ==

crelt@^1.0.5:
  version "1.0.6"
  resolved "https://registry.yarnpkg.com/crelt/-/crelt-1.0.6.tgz#7cc898ea74e190fb6ef9dae57f8f81cf7302df72"
  integrity sha512-VQ2MBenTq1fWZUH9DJNGti7kKv6EeAuYr3cLwxUWhIu1baTaXh4Ib5W2CqHVqib4/MqbYGJqiL3Zb8GJZr3l4g==

decompress-response@^6.0.0:
  version "6.0.0"
  resolved "https://registry.yarnpkg.com/decompress-response/-/decompress-response-6.0.0.tgz#ca387612ddb7e104bd16d85aab00d5ecf09c66fc"
  integrity sha512-aW35yZM6Bb/4oJlZncMH2LCoZtJXTRxES17vE3hoRiowU2kWHaJKFkSBDnDR+cm9J+9QhXmREyIfv0pji9ejCQ==
  dependencies:
    mimic-response "^3.1.0"

diff3@0.0.3:
  version "0.0.3"
  resolved "https://registry.yarnpkg.com/diff3/-/diff3-0.0.3.tgz#d4e5c3a4cdf4e5fe1211ab42e693fcb4321580fc"
  integrity sha512-iSq8ngPOt0K53A6eVr4d5Kn6GNrM2nQZtC740pzIriHtn4pOQ2lyzEXQMBeVcWERN0ye7fhBsk9PbLLQOnUx/g==

esbuild@^0.19.3:
  version "0.19.11"
  resolved "https://registry.yarnpkg.com/esbuild/-/esbuild-0.19.11.tgz#4a02dca031e768b5556606e1b468fe72e3325d96"
  integrity sha512-HJ96Hev2hX/6i5cDVwcqiJBBtuo9+FeIJOtZ9W1kA5M6AMJRHUZlpYZ1/SbEwtO0ioNAW8rUooVpC/WehY2SfA==
  optionalDependencies:
    "@esbuild/aix-ppc64" "0.19.11"
    "@esbuild/android-arm" "0.19.11"
    "@esbuild/android-arm64" "0.19.11"
    "@esbuild/android-x64" "0.19.11"
    "@esbuild/darwin-arm64" "0.19.11"
    "@esbuild/darwin-x64" "0.19.11"
    "@esbuild/freebsd-arm64" "0.19.11"
    "@esbuild/freebsd-x64" "0.19.11"
    "@esbuild/linux-arm" "0.19.11"
    "@esbuild/linux-arm64" "0.19.11"
    "@esbuild/linux-ia32" "0.19.11"
    "@esbuild/linux-loong64" "0.19.11"
    "@esbuild/linux-mips64el" "0.19.11"
    "@esbuild/linux-ppc64" "0.19.11"
    "@esbuild/linux-riscv64" "0.19.11"
    "@esbuild/linux-s390x" "0.19.11"
    "@esbuild/linux-x64" "0.19.11"
    "@esbuild/netbsd-x64" "0.19.11"
    "@esbuild/openbsd-x64" "0.19.11"
    "@esbuild/sunos-x64" "0.19.11"
    "@esbuild/win32-arm64" "0.19.11"
    "@esbuild/win32-ia32" "0.19.11"
    "@esbuild/win32-x64" "0.19.11"

fast-text-encoding@^1.0.0:
  version "1.0.6"
  resolved "https://registry.yarnpkg.com/fast-text-encoding/-/fast-text-encoding-1.0.6.tgz#0aa25f7f638222e3396d72bf936afcf1d42d6867"
  integrity sha512-VhXlQgj9ioXCqGstD37E/HBeqEGV/qOD/kmbVG8h5xKBYvM1L3lR1Zn4555cQ8GkYbJa8aJSipLPndE1k6zK2w==

fsevents@~2.3.2, fsevents@~2.3.3:
  version "2.3.3"
  resolved "https://registry.yarnpkg.com/fsevents/-/fsevents-2.3.3.tgz#cac6407785d03675a2a5e1a5305c697b347d90d6"
  integrity sha512-5xoDfX+fL7faATnagmWPpbFtwh/R77WmMMqqHGS65C3vvB0YHrgF+B1YmZ3441tMj5n63k0212XNoJwzlhffQw==

idb@^7.1.1:
  version "7.1.1"
  resolved "https://registry.yarnpkg.com/idb/-/idb-7.1.1.tgz#d910ded866d32c7ced9befc5bfdf36f572ced72b"
  integrity sha512-gchesWBzyvGHRO9W8tzUWFDycow5gwjvFKfyV9FF32Y7F50yZMp7mP+T2mJIWFx49zicqyC4uefHM17o6xKIVQ==

ignore@^5.1.4:
  version "5.3.0"
  resolved "https://registry.yarnpkg.com/ignore/-/ignore-5.3.0.tgz#67418ae40d34d6999c95ff56016759c718c82f78"
  integrity sha512-g7dmpshy+gD7mh88OC9NwSGTKoc3kyLAZQRU1mt53Aw/vnvfXnbC+F/7F7QoYVKbV+KNvJx8wArewKy1vXMtlg==

inherits@^2.0.1, inherits@^2.0.3:
  version "2.0.4"
  resolved "https://registry.yarnpkg.com/inherits/-/inherits-2.0.4.tgz#0fa2c64f932917c3433a0ded55363aae37416b7c"
  integrity sha512-k/vGaX4/Yla3WzyMCvTQOXYeIHvqOKtnqBduzTHpzpQZzAskKMhZ2K+EnBiSM9zGSoIFeMpXKxa4dYeZIQqewQ==

isomorphic-git@^1.25.2:
  version "1.25.2"
  resolved "https://registry.yarnpkg.com/isomorphic-git/-/isomorphic-git-1.25.2.tgz#07932fe2d48f96c9d94b9a898c1b22f28539cdc0"
  integrity sha512-GHMZVujE76NpZ7Za0Kus/46J6Y7UZsY+xcHMLnFHqvcGbJzkXB1LQCzpYaRq+xQinWGdkcjBDQoE+8Tv3StPCg==
  dependencies:
    async-lock "^1.1.0"
    clean-git-ref "^2.0.1"
    crc-32 "^1.2.0"
    diff3 "0.0.3"
    ignore "^5.1.4"
    minimisted "^2.0.0"
    pako "^1.0.10"
    pify "^4.0.1"
    readable-stream "^3.4.0"
    sha.js "^2.4.9"
    simple-get "^4.0.1"

isomorphic-textencoder@1.0.1:
  version "1.0.1"
  resolved "https://registry.yarnpkg.com/isomorphic-textencoder/-/isomorphic-textencoder-1.0.1.tgz#38dcd3b4416d29cd33e274f64b99ae567cd15e83"
  integrity sha512-676hESgHullDdHDsj469hr+7t3i/neBKU9J7q1T4RHaWwLAsaQnywC0D1dIUId0YZ+JtVrShzuBk1soo0+GVcQ==
  dependencies:
    fast-text-encoding "^1.0.0"

just-debounce-it@1.1.0:
  version "1.1.0"
  resolved "https://registry.yarnpkg.com/just-debounce-it/-/just-debounce-it-1.1.0.tgz#8e92578effc155358a44f458c52ffbee66983bef"
  integrity sha512-87Nnc0qZKgBZuhFZjYVjSraic0x7zwjhaTMrCKlj0QYKH6lh0KbFzVnfu6LHan03NO7J8ygjeBeD0epejn5Zcg==

just-once@1.1.0:
  version "1.1.0"
  resolved "https://registry.yarnpkg.com/just-once/-/just-once-1.1.0.tgz#fe81a185ebaeeb0947a7e705bf01cb6808db0ad8"
  integrity sha512-+rZVpl+6VyTilK7vB/svlMPil4pxqIJZkbnN7DKZTOzyXfun6ZiFeq2Pk4EtCEHZ0VU4EkdFzG8ZK5F3PErcDw==

lang-tex@^0.0.3:
  version "0.0.3"
  resolved "https://registry.yarnpkg.com/lang-tex/-/lang-tex-0.0.3.tgz#3f89d5477932f40226498dde4fae249377f30eb6"
  integrity sha512-WU6IhXWashGAdqt/R7eZcckpovuPdY1fCQYlwkVnqtmJjx7GCnJfEZY9YVuGsimCjvkzddkPz2hL+j8JkmRfXA==
  dependencies:
    "@codemirror/next" "^0.13.1"
    lezer-tex "0.0.0-6"

lezer-cpp@^0.11.0:
  version "0.11.1"
  resolved "https://registry.yarnpkg.com/lezer-cpp/-/lezer-cpp-0.11.1.tgz#68ebf3f83d1e58a77d89b74c552527b9b7aebba4"
  integrity sha512-+hPUqZSJd+iUaxP2nNqZxMfGrwyRtGCsGLnxHJf0e9pjVxMQ96+nGDyKPArcAkT5n12OQwMi5g4IxidEpJ1JXw==
  dependencies:
    lezer "^0.11.1"

lezer-css@^0.11.0:
  version "0.11.1"
  resolved "https://registry.yarnpkg.com/lezer-css/-/lezer-css-0.11.1.tgz#3d03cc90c4e6d92654c52177fbeaeca9cbbcdeaa"
  integrity sha512-uspAxtw56H200p1MKQyozY6vy/uooNBJP3zPhMuOjE+Q5qNgiLDAK9G6eW9/qGNLifRD2DhqTX0uAPiOaiXDtg==
  dependencies:
    lezer "^0.11.1"

lezer-html@^0.11.0:
  version "0.11.1"
  resolved "https://registry.yarnpkg.com/lezer-html/-/lezer-html-0.11.1.tgz#62347ed19404695cad11ca18199d5037a81be226"
  integrity sha512-ub9oRgTrCQzgO3coLZlKbmODquIuR6VouBVzprxo17yeuhHbuq7c94pY7xQd6k+ied/dw7kMEROo6ekjDNtS6A==
  dependencies:
    lezer "^0.11.1"

lezer-java@^0.11.0:
  version "0.11.1"
  resolved "https://registry.yarnpkg.com/lezer-java/-/lezer-java-0.11.1.tgz#89511c8033654e32124ea6cb50cc5b1ed5eaacde"
  integrity sha512-g319H9R+gh/epYat2ajn67wbL72BuyrAJMNIh2qWnmwPHLPsFZNmYyUXuCcqqOuhrQwvc7HwN7ZXK03oCHH5DA==
  dependencies:
    lezer "^0.11.1"

lezer-javascript@^0.11.0:
  version "0.11.1"
  resolved "https://registry.yarnpkg.com/lezer-javascript/-/lezer-javascript-0.11.1.tgz#cea5eb9161fc30291f661a84f71da73c2fe597df"
  integrity sha512-XAlZe8BirVBPB7SHTg975W4HQfuV/ZRgqVry+iklCqVR9cqRZYQMd98EHpf/j0J1NyvOFw6FJL3kPrq1Zglidw==
  dependencies:
    lezer "^0.11.1"

lezer-json@^0.11.0:
  version "0.11.1"
  resolved "https://registry.yarnpkg.com/lezer-json/-/lezer-json-0.11.1.tgz#9f271dd3f867f48ab8af9272b89c2ef27b7d9693"
  integrity sha512-ziT9OzwqlLskEIAVBVxq25tJEhDphOKoYk42cfZfzlm8sL12jBugHdkEVuO9BiVfGIh1aj1wJYFxpP9UMf8WKw==
  dependencies:
    lezer "^0.11.1"

lezer-python@^0.11.0:
  version "0.11.1"
  resolved "https://registry.yarnpkg.com/lezer-python/-/lezer-python-0.11.1.tgz#14f8e54f7487cc94c7192b685c8a3eeea567a7dd"
  integrity sha512-cfopeLETQiKzBmjsENUmz0a8jCIqQkAeCeakypdX3lvMffEK6EIi0y8S8+Zb4TQbdwuzz3jB9nd8dmof1LGPxw==
  dependencies:
    lezer "^0.11.1"

lezer-rust@^0.11.1:
  version "0.11.1"
  resolved "https://registry.yarnpkg.com/lezer-rust/-/lezer-rust-0.11.1.tgz#197245699b20c716c4c82026ba76b11557f0cd0d"
  integrity sha512-Nac9eu9HSuop854qhE2EKPye7qbUtIlQTwWMwwm6hL60Mm6xwzwvaLxnQkQljl2OyQQ6xMoBTUemLIGMFztdCw==
  dependencies:
    lezer "^0.11.0"

lezer-tex@0.0.0-6:
  version "0.0.0-6"
  resolved "https://registry.yarnpkg.com/lezer-tex/-/lezer-tex-0.0.0-6.tgz#bdce09be744b594efd1cabf1eb9b1f269d4a2b6c"
  integrity sha512-nDS2zZ/Eo92gsjomSfqsvs0M15ugYZzJPWgKP0+K0ivzACRu8DP+b8wKj03uC20GB+bR7ZuMq3SLADric7g/LA==

lezer-tree@^0.11.0:
  version "0.11.1"
  resolved "https://registry.yarnpkg.com/lezer-tree/-/lezer-tree-0.11.1.tgz#78fcd8308912d45330f062f8f59c13448585db81"
  integrity sha512-AC1FmSzxL/cxV8LrbPMW6+8P/CaG8AxRql1XjzIfLkTQHY3LUan6tG8aieB/OvZmz0NuQpgfw6yDegXFNzVK4A==

lezer-xml@^0.11.0:
  version "0.11.1"
  resolved "https://registry.yarnpkg.com/lezer-xml/-/lezer-xml-0.11.1.tgz#2aca3b8056752a75b48df7abd18b7ead28e8b3aa"
  integrity sha512-FoJX8xvF80zunwWGYyPsDSmEJTKuOvipIQ5BSrn7tBaC6LTEvZ/q9mkew/3/dqpjdQfDhW8DCSoDvb/rFvqdnA==
  dependencies:
    lezer "^0.11.1"

lezer@^0.11.0, lezer@^0.11.1:
  version "0.11.2"
  resolved "https://registry.yarnpkg.com/lezer/-/lezer-0.11.2.tgz#290b3029135257f76a60efc5e710af16f716a180"
  integrity sha512-ktbo5G+sMY6qOXaeCbC4Z5Cs0vUTx5H4KkjnjTCi/LHay8taBp88dcUXjLS5XV7E/I3+y1zZGgIXhua82Z0Ljw==
  dependencies:
    lezer-tree "^0.11.0"

mimic-response@^3.1.0:
  version "3.1.0"
  resolved "https://registry.yarnpkg.com/mimic-response/-/mimic-response-3.1.0.tgz#2d1d59af9c1b129815accc2c46a022a5ce1fa3c9"
  integrity sha512-z0yWI+4FDrrweS8Zmt4Ej5HdJmky15+L2e6Wgn3+iK5fWzb6T3fhNFq2+MeTRb064c6Wr4N/wv0DzQTjNzHNGQ==

minimist@^1.2.5:
  version "1.2.8"
  resolved "https://registry.yarnpkg.com/minimist/-/minimist-1.2.8.tgz#c1a464e7693302e082a075cee0c057741ac4772c"
  integrity sha512-2yyAR8qBkN3YuheJanUpWC5U3bb5osDywNB8RzDVlDwDHbocAJveqqj1u8+SVD7jkWT4yvsHCpWqqWqAxb0zCA==

minimisted@^2.0.0:
  version "2.0.1"
  resolved "https://registry.yarnpkg.com/minimisted/-/minimisted-2.0.1.tgz#d059fb905beecf0774bc3b308468699709805cb1"
  integrity sha512-1oPjfuLQa2caorJUM8HV8lGgWCc0qqAO1MNv/k05G4qslmsndV/5WdNZrqCiyqiz3wohia2Ij2B7w2Dr7/IyrA==
  dependencies:
    minimist "^1.2.5"

"mitex-wasm@file:../../crates/mitex-wasm/pkg":
  version "0.1.0"

nanoid@^3.3.7:
  version "3.3.7"
  resolved "https://registry.yarnpkg.com/nanoid/-/nanoid-3.3.7.tgz#d0c301a691bc8d54efa0a2226ccf3fe2fd656bd8"
  integrity sha512-eSRppjcPIatRIMC1U6UngP8XFcz8MQWGQdt1MTBQ7NaAmvXDfvNxbvWV3x2y6CdEUciCSsDHDQZbhYaB8QEo2g==

once@^1.3.1:
  version "1.4.0"
  resolved "https://registry.yarnpkg.com/once/-/once-1.4.0.tgz#583b1aa775961d4b113ac17d9c50baef9dd76bd1"
  integrity sha512-lNaJgI+2Q5URQBkccEKHTQOPaXdUxnZZElQTZY0MFUAuaEqe1E+Nyvgdz/aIyNi6Z9MzO5dv1H8n58/GELp3+w==
  dependencies:
    wrappy "1"

pako@^1.0.10:
  version "1.0.11"
  resolved "https://registry.yarnpkg.com/pako/-/pako-1.0.11.tgz#6c9599d340d54dfd3946380252a35705a6b992bf"
  integrity sha512-4hLB8Py4zZce5s4yd9XzopqwVv/yGNhV1Bl8NTmCq1763HeK2+EwVTv+leGeL13Dnh2wfbqowVPXCIO0z4taYw==

picocolors@^1.0.0:
  version "1.0.0"
  resolved "https://registry.yarnpkg.com/picocolors/-/picocolors-1.0.0.tgz#cb5bdc74ff3f51892236eaf79d68bc44564ab81c"
  integrity sha512-1fygroTLlHu66zi26VoTDv8yRgm0Fccecssto+MhsZ0D/DGW2sm8E8AjW7NU5VVTRt5GxbeZ5qBuJr+HyLYkjQ==

pify@^4.0.1:
  version "4.0.1"
  resolved "https://registry.yarnpkg.com/pify/-/pify-4.0.1.tgz#4b2cd25c50d598735c50292224fd8c6df41e3231"
  integrity sha512-uB80kBFb/tfd68bVleG9T5GGsGPjJrLAUpR5PZIrhBnIaRTQRjqdJSsIKkOP6OAIFbj7GOrcudc5pNjZ+geV2g==

postcss@^8.4.32:
  version "8.4.32"
  resolved "https://registry.yarnpkg.com/postcss/-/postcss-8.4.32.tgz#1dac6ac51ab19adb21b8b34fd2d93a86440ef6c9"
  integrity sha512-D/kj5JNu6oo2EIy+XL/26JEDTlIbB8hw85G8StOE6L74RQAVVP5rej6wxCNqyMbR4RkPfqvezVbPw81Ngd6Kcw==
  dependencies:
    nanoid "^3.3.7"
    picocolors "^1.0.0"
    source-map-js "^1.0.2"

readable-stream@^3.4.0:
  version "3.6.2"
  resolved "https://registry.yarnpkg.com/readable-stream/-/readable-stream-3.6.2.tgz#56a9b36ea965c00c5a93ef31eb111a0f11056967"
  integrity sha512-9u/sniCrY3D5WdsERHzHE4G2YCXqoG5FTHUiCC4SIbr6XcLZBY05ya9EKjYek9O5xOAwjGq+1JdGBAS7Q9ScoA==
  dependencies:
    inherits "^2.0.3"
    string_decoder "^1.1.1"
    util-deprecate "^1.0.1"

rollup@^4.2.0:
  version "4.9.2"
  resolved "https://registry.yarnpkg.com/rollup/-/rollup-4.9.2.tgz#19d730219b7ec5f51372c6cf15cfb841990489fe"
  integrity sha512-66RB8OtFKUTozmVEh3qyNfH+b+z2RXBVloqO2KCC/pjFaGaHtxP9fVfOQKPSGXg2mElmjmxjW/fZ7iKrEpMH5Q==
  optionalDependencies:
    "@rollup/rollup-android-arm-eabi" "4.9.2"
    "@rollup/rollup-android-arm64" "4.9.2"
    "@rollup/rollup-darwin-arm64" "4.9.2"
    "@rollup/rollup-darwin-x64" "4.9.2"
    "@rollup/rollup-linux-arm-gnueabihf" "4.9.2"
    "@rollup/rollup-linux-arm64-gnu" "4.9.2"
    "@rollup/rollup-linux-arm64-musl" "4.9.2"
    "@rollup/rollup-linux-riscv64-gnu" "4.9.2"
    "@rollup/rollup-linux-x64-gnu" "4.9.2"
    "@rollup/rollup-linux-x64-musl" "4.9.2"
    "@rollup/rollup-win32-arm64-msvc" "4.9.2"
    "@rollup/rollup-win32-ia32-msvc" "4.9.2"
    "@rollup/rollup-win32-x64-msvc" "4.9.2"
    fsevents "~2.3.2"

safe-buffer@^5.0.1, safe-buffer@~5.2.0:
  version "5.2.1"
  resolved "https://registry.yarnpkg.com/safe-buffer/-/safe-buffer-5.2.1.tgz#1eaf9fa9bdb1fdd4ec75f58f9cdb4e6b7827eec6"
  integrity sha512-rp3So07KcdmmKbGvgaNxQSJr7bGVSVk5S9Eq1F+ppbRo70+YeaDxkw5Dd8NPN+GD6bjnYm2VuPuCXmpuYvmCXQ==

sha.js@^2.4.9:
  version "2.4.11"
  resolved "https://registry.yarnpkg.com/sha.js/-/sha.js-2.4.11.tgz#37a5cf0b81ecbc6943de109ba2960d1b26584ae7"
  integrity sha512-QMEp5B7cftE7APOjk5Y6xgrbWu+WkLVQwk8JNjZ8nKRciZaByEW6MubieAiToS7+dwvrjGhH8jRXz3MVd0AYqQ==
  dependencies:
    inherits "^2.0.1"
    safe-buffer "^5.0.1"

simple-concat@^1.0.0:
  version "1.0.1"
  resolved "https://registry.yarnpkg.com/simple-concat/-/simple-concat-1.0.1.tgz#f46976082ba35c2263f1c8ab5edfe26c41c9552f"
  integrity sha512-cSFtAPtRhljv69IK0hTVZQ+OfE9nePi/rtJmw5UjHeVyVroEqJXP1sFztKUy1qU+xvz3u/sfYJLa947b7nAN2Q==

simple-get@^4.0.1:
  version "4.0.1"
  resolved "https://registry.yarnpkg.com/simple-get/-/simple-get-4.0.1.tgz#4a39db549287c979d352112fa03fd99fd6bc3543"
  integrity sha512-brv7p5WgH0jmQJr1ZDDfKDOSeWWg+OVypG99A/5vYGPqJ6pxiaHLy8nxtFjBA7oMa01ebA9gfh1uMCFqOuXxvA==
  dependencies:
    decompress-response "^6.0.0"
    once "^1.3.1"
    simple-concat "^1.0.0"

source-map-js@^1.0.2:
  version "1.0.2"
  resolved "https://registry.yarnpkg.com/source-map-js/-/source-map-js-1.0.2.tgz#adbc361d9c62df380125e7f161f71c826f1e490c"
  integrity sha512-R0XvVJ9WusLiqTCEiGCmICCMplcCkIwwR11mOSD9CR5u+IXYdiseeEuXCVAjS54zqwkLcPNnmU4OeJ6tUrWhDw==

string_decoder@^1.1.1:
  version "1.3.0"
  resolved "https://registry.yarnpkg.com/string_decoder/-/string_decoder-1.3.0.tgz#42f114594a46cf1a8e30b0a84f56c78c3edac21e"
  integrity sha512-hkRX8U1WjJFd8LsDJ2yQ/wWWxaopEsABU1XfkM8A+j0+85JAGppt16cr1Whg6KIbb4okU6Mql6BOj+uup/wKeA==
  dependencies:
    safe-buffer "~5.2.0"

style-mod@^3.0.0:
  version "3.2.2"
  resolved "https://registry.yarnpkg.com/style-mod/-/style-mod-3.2.2.tgz#fc445fdd08bd5a513363079ba625f69b2618f31d"
  integrity sha512-7X3zF+GjUSQ/opNrzuEOqM+lF+4SOkG5aWxrNw/5rwBrHytsH1Ly8/o9e6Wnqoul2lLT1Pmue63LgiE6mEZAGw==

style-mod@^4.0.0, style-mod@^4.1.0:
  version "4.1.0"
  resolved "https://registry.yarnpkg.com/style-mod/-/style-mod-4.1.0.tgz#a313a14f4ae8bb4d52878c0053c4327fb787ec09"
  integrity sha512-Ca5ib8HrFn+f+0n4N4ScTIA9iTOQ7MaGS1ylHcoVqW9J7w2w8PzN6g9gKmTYgGEBH8e120+RCmhpje6jC5uGWA==

typescript@^5.2.2:
  version "5.3.3"
  resolved "https://registry.yarnpkg.com/typescript/-/typescript-5.3.3.tgz#b3ce6ba258e72e6305ba66f5c9b452aaee3ffe37"
  integrity sha512-pXWcraxM0uxAS+tN0AG/BF2TyqmHO014Z070UsJ+pFvYuRSq8KH8DmWpnbXe0pEPDHXZV3FcAbJkijJ5oNEnWw==

"typst-dom@file:../typst-dom":
  version "0.0.0"

util-deprecate@^1.0.1:
  version "1.0.2"
  resolved "https://registry.yarnpkg.com/util-deprecate/-/util-deprecate-1.0.2.tgz#450d4dc9fa70de732762fbd2d4a28981419a0ccf"
  integrity sha512-EPD5q1uXyFxJpCrLnCc1nHnq3gOa6DZBocAIiI2TaSCA7VCJ1UJDMagCzIkXNsUYfD1daK//LTEQ8xiIbrHtcw==

uuid@^9.0.1:
  version "9.0.1"
  resolved "https://registry.yarnpkg.com/uuid/-/uuid-9.0.1.tgz#e188d4c8853cc722220392c424cd637f32293f30"
  integrity sha512-b+1eJOlsR9K8HJpow9Ok3fiWOWSIcIzXodvv0rQjVoOVNpWMpxf1wZNpt4y9h10odCNrqnYp1OBzRktckBe3sA==

vanjs-core@^1.2.7:
  version "1.2.7"
  resolved "https://registry.yarnpkg.com/vanjs-core/-/vanjs-core-1.2.7.tgz#3c41034630dcedcdf4fee0de38aeb83d5e0841bb"
  integrity sha512-NXZg+kf4OmhTTuTnBiCT6uRqeJiKmKSZLWxvGFmBl8Ho648J+GJZJAHB4cu40rcwJDJEH3Xwe8JjquMpa9zxEQ==

vite-plugin-top-level-await@^1.4.1:
  version "1.4.1"
  resolved "https://registry.yarnpkg.com/vite-plugin-top-level-await/-/vite-plugin-top-level-await-1.4.1.tgz#607dfe084157550fa33df18062b99ceea774cd9c"
  integrity sha512-hogbZ6yT7+AqBaV6lK9JRNvJDn4/IJvHLu6ET06arNfo0t2IsyCaon7el9Xa8OumH+ESuq//SDf8xscZFE0rWw==
  dependencies:
    "@rollup/plugin-virtual" "^3.0.2"
    "@swc/core" "^1.3.100"
    uuid "^9.0.1"

vite-plugin-wasm@^3.3.0:
  version "3.3.0"
  resolved "https://registry.yarnpkg.com/vite-plugin-wasm/-/vite-plugin-wasm-3.3.0.tgz#2908ef2529bf8f33f4e549c8c6fda26ad273ca15"
  integrity sha512-tVhz6w+W9MVsOCHzxo6SSMSswCeIw4HTrXEi6qL3IRzATl83jl09JVO1djBqPSwfjgnpVHNLYcaMbaDX5WB/pg==

vite@^5.0.8:
  version "5.0.10"
  resolved "https://registry.yarnpkg.com/vite/-/vite-5.0.10.tgz#1e13ef5c3cf5aa4eed81f5df6d107b3c3f1f6356"
  integrity sha512-2P8J7WWgmc355HUMlFrwofacvr98DAjoE52BfdbwQtyLH06XKwaL/FMnmKM2crF0iX4MpmMKoDlNCB1ok7zHCw==
  dependencies:
    esbuild "^0.19.3"
    postcss "^8.4.32"
    rollup "^4.2.0"
  optionalDependencies:
    fsevents "~2.3.3"

w3c-keyname@^2.2.4:
  version "2.2.8"
  resolved "https://registry.yarnpkg.com/w3c-keyname/-/w3c-keyname-2.2.8.tgz#7b17c8c6883d4e8b86ac8aba79d39e880f8869c5"
  integrity sha512-dpojBhNsCNN7T82Tm7k26A6G9ML3NkhDsnw9n/eoxSRlVBB4CEtIQ/KTCLI2Fwf3ataSXRhYFkQi3SlnFwPvPQ==

wrappy@1:
  version "1.0.2"
  resolved "https://registry.yarnpkg.com/wrappy/-/wrappy-1.0.2.tgz#b5243d8f3ec1aa35f1364605bc0d1036e30ab69f"
  integrity sha512-l4Sp/DRseor9wL6EvV2+TuQn63dMkPjZ/sp9XkghTEbV9KlPS1xUsZ3u7/IQO4wxtcFB4bgpQPRcR3QCvezPcQ==
